
Microsoft Visual Studio Solution File, Format Version 12.00
# Visual Studio 15
VisualStudioVersion = 15.0.27428.2043
MinimumVisualStudioVersion = 10.0.40219.1
Project("{9A19103F-16F7-4668-BE54-9A1E7A4F7556}") = "Books.Models", "Books.Models\Books.Models.csproj", "{9D8F0B47-E049-4551-B170-A1CA78F17B50}"
EndProject
Project("{9A19103F-16F7-4668-BE54-9A1E7A4F7556}") = "Books.API", "Books.API\Books.API.csproj", "{7B4DD7A5-D8FD-466E-970D-E5B847F9AD73}"
EndProject
Project("{9A19103F-16F7-4668-BE54-9A1E7A4F7556}") = "Books.Repository", "Books.Repository\Books.Repository.csproj", "{7D6A4982-3796-41AD-AF78-2D9A63FFDB1A}"
EndProject
Project("{9A19103F-16F7-4668-BE54-9A1E7A4F7556}") = "Books.EF", "Books.EF\Books.EF.csproj", "{0B9E19DA-4CA0-4A4E-B2F5-11BDCB7E061C}"
EndProject
Project("{9A19103F-16F7-4668-BE54-9A1E7A4F7556}") = "Books.CommandHandlers", "Books.CommandHandlers\Books.CommandHandlers.csproj", "{DA9215C8-F1AA-48A8-9092-2BFC45F01A58}"
EndProject
Project("{9A19103F-16F7-4668-BE54-9A1E7A4F7556}") = "Books.API.IntegrationTests", "..\tests\Books.API.IntegrationTests\Books.API.IntegrationTests.csproj", "{49425FBF-6912-4C36-BB38-008F65ADE5D9}"
EndProject
Project("{E53339B2-1760-4266-BCC7-CA923CBCF16C}") = "docker-compose", "docker-compose.dcproj", "{CCDF7D6B-88C9-49BD-9F3B-01B7B4E6E13C}"
EndProject
Global
	GlobalSection(SolutionConfigurationPlatforms) = preSolution
		Debug|Any CPU = Debug|Any CPU
		Release|Any CPU = Release|Any CPU
	EndGlobalSection
	GlobalSection(ProjectConfigurationPlatforms) = postSolution
		{9D8F0B47-E049-4551-B170-A1CA78F17B50}.Debug|Any CPU.ActiveCfg = Debug|Any CPU
		{9D8F0B47-E049-4551-B170-A1CA78F17B50}.Debug|Any CPU.Build.0 = Debug|Any CPU
		{9D8F0B47-E049-4551-B170-A1CA78F17B50}.Release|Any CPU.ActiveCfg = Release|Any CPU
		{9D8F0B47-E049-4551-B170-A1CA78F17B50}.Release|Any CPU.Build.0 = Release|Any CPU
		{7B4DD7A5-D8FD-466E-970D-E5B847F9AD73}.Debug|Any CPU.ActiveCfg = Debug|Any CPU
		{7B4DD7A5-D8FD-466E-970D-E5B847F9AD73}.Debug|Any CPU.Build.0 = Debug|Any CPU
		{7B4DD7A5-D8FD-466E-970D-E5B847F9AD73}.Release|Any CPU.ActiveCfg = Release|Any CPU
		{7B4DD7A5-D8FD-466E-970D-E5B847F9AD73}.Release|Any CPU.Build.0 = Release|Any CPU
		{7D6A4982-3796-41AD-AF78-2D9A63FFDB1A}.Debug|Any CPU.ActiveCfg = Debug|Any CPU
		{7D6A4982-3796-41AD-AF78-2D9A63FFDB1A}.Debug|Any CPU.Build.0 = Debug|Any CPU
		{7D6A4982-3796-41AD-AF78-2D9A63FFDB1A}.Release|Any CPU.ActiveCfg = Release|Any CPU
		{7D6A4982-3796-41AD-AF78-2D9A63FFDB1A}.Release|Any CPU.Build.0 = Release|Any CPU
		{0B9E19DA-4CA0-4A4E-B2F5-11BDCB7E061C}.Debug|Any CPU.ActiveCfg = Debug|Any CPU
		{0B9E19DA-4CA0-4A4E-B2F5-11BDCB7E061C}.Debug|Any CPU.Build.0 = Debug|Any CPU
		{0B9E19DA-4CA0-4A4E-B2F5-11BDCB7E061C}.Release|Any CPU.ActiveCfg = Release|Any CPU
		{0B9E19DA-4CA0-4A4E-B2F5-11BDCB7E061C}.Release|Any CPU.Build.0 = Release|Any CPU
		{DA9215C8-F1AA-48A8-9092-2BFC45F01A58}.Debug|Any CPU.ActiveCfg = Debug|Any CPU
		{DA9215C8-F1AA-48A8-9092-2BFC45F01A58}.Debug|Any CPU.Build.0 = Debug|Any CPU
		{DA9215C8-F1AA-48A8-9092-2BFC45F01A58}.Release|Any CPU.ActiveCfg = Release|Any CPU
		{DA9215C8-F1AA-48A8-9092-2BFC45F01A58}.Release|Any CPU.Build.0 = Release|Any CPU
		{49425FBF-6912-4C36-BB38-008F65ADE5D9}.Debug|Any CPU.ActiveCfg = Debug|Any CPU
		{49425FBF-6912-4C36-BB38-008F65ADE5D9}.Debug|Any CPU.Build.0 = Debug|Any CPU
		{49425FBF-6912-4C36-BB38-008F65ADE5D9}.Release|Any CPU.ActiveCfg = Release|Any CPU
		{49425FBF-6912-4C36-BB38-008F65ADE5D9}.Release|Any CPU.Build.0 = Release|Any CPU
		{CCDF7D6B-88C9-49BD-9F3B-01B7B4E6E13C}.Debug|Any CPU.ActiveCfg = Debug|Any CPU
		{CCDF7D6B-88C9-49BD-9F3B-01B7B4E6E13C}.Debug|Any CPU.Build.0 = Debug|Any CPU
		{CCDF7D6B-88C9-49BD-9F3B-01B7B4E6E13C}.Release|Any CPU.ActiveCfg = Release|Any CPU
		{CCDF7D6B-88C9-49BD-9F3B-01B7B4E6E13C}.Release|Any CPU.Build.0 = Release|Any CPU
	EndGlobalSection
	GlobalSection(SolutionProperties) = preSolution
		HideSolutionNode = FALSE
	EndGlobalSection
	GlobalSection(ExtensibilityGlobals) = postSolution
		SolutionGuid = {19453402-5C1A-4196-BDA8-4510878508CF}
	EndGlobalSection
EndGlobal
